
Microsoft Visual Studio Solution File, Format Version 12.00
# Visual Studio Version 16
VisualStudioVersion = 16.0.31702.278
MinimumVisualStudioVersion = 10.0.40219.1
Project("{FAE04EC0-301F-11D3-BF4B-00C04F79EFBC}") = "AnimatedGame", "AnimatedGame\AnimatedGame.csproj", "{9585480C-5613-451A-93AB-F80D1662C42B}"
EndProject
Global
	GlobalSection(SolutionConfigurationPlatforms) = preSolution
		Debug|Any CPU = Debug|Any CPU
		Release|Any CPU = Release|Any CPU
	EndGlobalSection
	GlobalSection(ProjectConfigurationPlatforms) = postSolution
		{9585480C-5613-451A-93AB-F80D1662C42B}.Debug|Any CPU.ActiveCfg = Debug|Any CPU
		{9585480C-5613-451A-93AB-F80D1662C42B}.Debug|Any CPU.Build.0 = Debug|Any CPU
		{9585480C-5613-451A-93AB-F80D1662C42B}.Release|Any CPU.ActiveCfg = Release|Any CPU
		{9585480C-5613-451A-93AB-F80D1662C42B}.Release|Any CPU.Build.0 = Release|Any CPU
	EndGlobalSection
	GlobalSection(SolutionProperties) = preSolution
		HideSolutionNode = FALSE
	EndGlobalSection
	GlobalSection(ExtensibilityGlobals) = postSolution
		SolutionGuid = {F9256664-DECC-45BF-A814-4BC05E639D3F}
	EndGlobalSection
EndGlobal
